PODS:
  - Colorful (3.0.0)
  - ImageSlideshow (1.9.2):
    - ImageSlideshow/Core (= 1.9.2)
  - ImageSlideshow/Core (1.9.2)
  - SDWebImage (5.15.5):
    - SDWebImage/Core (= 5.15.5)
  - SDWebImage/Core (5.15.5)

DEPENDENCIES:
  - Colorful
  - ImageSlideshow
  - SDWebImage

SPEC REPOS:
  trunk:
    - Colorful
    - ImageSlideshow
    - SDWebImage

SPEC CHECKSUMS:
  Colorful: 9e093edacaa9fb73512ad9da157f0707b82d2542
  ImageSlideshow: be305b54eaf2b2cfc7a7141c7c734605d44dc07d
  SDWebImage: fd7e1a22f00303e058058278639bf6196ee431fe

PODFILE CHECKSUM: 8741ddf5afa4e995eb70ddefb75602ec7f205689

COCOAPODS: 1.12.0
